
Microsoft Visual Studio Solution File, Format Version 11.00
# Visual Studio 2010
Project("{FAE04EC0-301F-11D3-BF4B-00C04F79EFBC}") = "Octopus", "Octopus\Octopus.csproj", "{DDE5BEFC-7BC4-4E21-84A1-E26B22B1EAE6}"
EndProject
Project("{FAE04EC0-301F-11D3-BF4B-00C04F79EFBC}") = "Octopus.Sample", "Octopus.Sample\Octopus.Sample.csproj", "{3C277E6C-D219-4154-BC37-FB369A6C6F47}"
EndProject
Project("{FAE04EC0-301F-11D3-BF4B-00C04F79EFBC}") = "Octopus.Extension", "Octopus.Extension\Octopus.Extension.csproj", "{6DDC37D4-AE35-4799-BA74-E2AB3F12D7B4}"
EndProject
Project("{FAE04EC0-301F-11D3-BF4B-00C04F79EFBC}") = "Octopus.Log4Net", "Octopus.Log4Net\Octopus.Log4Net.csproj", "{D0F40E5C-6359-4D1F-87DB-3ECE237E0013}"
EndProject
Project("{FAE04EC0-301F-11D3-BF4B-00C04F79EFBC}") = "Octopus.NLog", "Octopus.NLog\Octopus.NLog.csproj", "{F8C37A92-959B-45C9-AC70-D97087506913}"
EndProject
Global
	GlobalSection(SolutionConfigurationPlatforms) = preSolution
		Debug|Any CPU = Debug|Any CPU
		Release|Any CPU = Release|Any CPU
	EndGlobalSection
	GlobalSection(ProjectConfigurationPlatforms) = postSolution
		{DDE5BEFC-7BC4-4E21-84A1-E26B22B1EAE6}.Debug|Any CPU.ActiveCfg = Debug|Any CPU
		{DDE5BEFC-7BC4-4E21-84A1-E26B22B1EAE6}.Debug|Any CPU.Build.0 = Debug|Any CPU
		{DDE5BEFC-7BC4-4E21-84A1-E26B22B1EAE6}.Release|Any CPU.ActiveCfg = Release|Any CPU
		{DDE5BEFC-7BC4-4E21-84A1-E26B22B1EAE6}.Release|Any CPU.Build.0 = Release|Any CPU
		{3C277E6C-D219-4154-BC37-FB369A6C6F47}.Debug|Any CPU.ActiveCfg = Debug|Any CPU
		{3C277E6C-D219-4154-BC37-FB369A6C6F47}.Debug|Any CPU.Build.0 = Debug|Any CPU
		{3C277E6C-D219-4154-BC37-FB369A6C6F47}.Release|Any CPU.ActiveCfg = Release|Any CPU
		{3C277E6C-D219-4154-BC37-FB369A6C6F47}.Release|Any CPU.Build.0 = Release|Any CPU
		{6DDC37D4-AE35-4799-BA74-E2AB3F12D7B4}.Debug|Any CPU.ActiveCfg = Debug|Any CPU
		{6DDC37D4-AE35-4799-BA74-E2AB3F12D7B4}.Debug|Any CPU.Build.0 = Debug|Any CPU
		{6DDC37D4-AE35-4799-BA74-E2AB3F12D7B4}.Release|Any CPU.ActiveCfg = Release|Any CPU
		{6DDC37D4-AE35-4799-BA74-E2AB3F12D7B4}.Release|Any CPU.Build.0 = Release|Any CPU
		{D0F40E5C-6359-4D1F-87DB-3ECE237E0013}.Debug|Any CPU.ActiveCfg = Debug|Any CPU
		{D0F40E5C-6359-4D1F-87DB-3ECE237E0013}.Debug|Any CPU.Build.0 = Debug|Any CPU
		{D0F40E5C-6359-4D1F-87DB-3ECE237E0013}.Release|Any CPU.ActiveCfg = Release|Any CPU
		{D0F40E5C-6359-4D1F-87DB-3ECE237E0013}.Release|Any CPU.Build.0 = Release|Any CPU
		{F8C37A92-959B-45C9-AC70-D97087506913}.Debug|Any CPU.ActiveCfg = Debug|Any CPU
		{F8C37A92-959B-45C9-AC70-D97087506913}.Debug|Any CPU.Build.0 = Debug|Any CPU
		{F8C37A92-959B-45C9-AC70-D97087506913}.Release|Any CPU.ActiveCfg = Release|Any CPU
		{F8C37A92-959B-45C9-AC70-D97087506913}.Release|Any CPU.Build.0 = Release|Any CPU
	EndGlobalSection
	GlobalSection(SolutionProperties) = preSolution
		HideSolutionNode = FALSE
	EndGlobalSection
EndGlobal
