
Microsoft Visual Studio Solution File, Format Version 11.00
# Visual Studio 2010
Project("{FAE04EC0-301F-11D3-BF4B-00C04F79EFBC}") = "Octopus", "Octopus\Octopus.csproj", "{DDE5BEFC-7BC4-4E21-84A1-E26B22B1EAE6}"
EndProject
Project("{FAE04EC0-301F-11D3-BF4B-00C04F79EFBC}") = "Octopus.Sample", "Octopus.Sample\Octopus.Sample.csproj", "{3C277E6C-D219-4154-BC37-FB369A6C6F47}"
EndProject
Project("{FAE04EC0-301F-11D3-BF4B-00C04F79EFBC}") = "Octopus.Extension", "Octopus.Extension\Octopus.Extension.csproj", "{6DDC37D4-AE35-4799-BA74-E2AB3F12D7B4}"
EndProject
Global
	GlobalSection(TeamFoundationVersionControl) = preSolution
		SccNumberOfProjects = 4
		SccEnterpriseProvider = {4CA58AB2-18FA-4F8D-95D4-32DDF27D184C}
		SccTeamFoundationServer = http://10.1.5.60:8080/tfs/sari01
		SccLocalPath0 = .
		SccProjectUniqueName1 = Octopus\\Octopus.csproj
		SccProjectName1 = Octopus
		SccLocalPath1 = Octopus
		SccProjectUniqueName2 = Octopus.Extension\\Octopus.Extension.csproj
		SccProjectName2 = Octopus.Extension
		SccLocalPath2 = Octopus.Extension
		SccProjectUniqueName3 = Octopus.Sample\\Octopus.Sample.csproj
		SccProjectName3 = Octopus.Sample
		SccLocalPath3 = Octopus.Sample
	EndGlobalSection
	GlobalSection(SolutionConfigurationPlatforms) = preSolution
		Debug|Any CPU = Debug|Any CPU
		Release|Any CPU = Release|Any CPU
	EndGlobalSection
	GlobalSection(ProjectConfigurationPlatforms) = postSolution
		{DDE5BEFC-7BC4-4E21-84A1-E26B22B1EAE6}.Debug|Any CPU.ActiveCfg = Debug|Any CPU
		{DDE5BEFC-7BC4-4E21-84A1-E26B22B1EAE6}.Debug|Any CPU.Build.0 = Debug|Any CPU
		{DDE5BEFC-7BC4-4E21-84A1-E26B22B1EAE6}.Release|Any CPU.ActiveCfg = Release|Any CPU
		{DDE5BEFC-7BC4-4E21-84A1-E26B22B1EAE6}.Release|Any CPU.Build.0 = Release|Any CPU
		{3C277E6C-D219-4154-BC37-FB369A6C6F47}.Debug|Any CPU.ActiveCfg = Debug|Any CPU
		{3C277E6C-D219-4154-BC37-FB369A6C6F47}.Debug|Any CPU.Build.0 = Debug|Any CPU
		{3C277E6C-D219-4154-BC37-FB369A6C6F47}.Release|Any CPU.ActiveCfg = Release|Any CPU
		{3C277E6C-D219-4154-BC37-FB369A6C6F47}.Release|Any CPU.Build.0 = Release|Any CPU
		{6DDC37D4-AE35-4799-BA74-E2AB3F12D7B4}.Debug|Any CPU.ActiveCfg = Debug|Any CPU
		{6DDC37D4-AE35-4799-BA74-E2AB3F12D7B4}.Debug|Any CPU.Build.0 = Debug|Any CPU
		{6DDC37D4-AE35-4799-BA74-E2AB3F12D7B4}.Release|Any CPU.ActiveCfg = Release|Any CPU
		{6DDC37D4-AE35-4799-BA74-E2AB3F12D7B4}.Release|Any CPU.Build.0 = Release|Any CPU
	EndGlobalSection
	GlobalSection(SolutionProperties) = preSolution
		HideSolutionNode = FALSE
	EndGlobalSection
EndGlobal
